
Microsoft Visual Studio Solution File, Format Version 12.00
# Visual Studio Version 17
VisualStudioVersion = 17.11.35312.102
MinimumVisualStudioVersion = 10.0.40219.1
Project("{9A19103F-16F7-4668-BE54-9A1E7A4F7556}") = "Tyuiu.SurnameNPTests.Sprint1.Task0.V10.Lib", "Tyuiu.SurnameNPTests.Sprint1.Task0.V10.Lib\Tyuiu.SurnameNPTests.Sprint1.Task0.V10.Lib.csproj", "{BE41EFE3-9AB3-44A3-8744-EA83D46634B5}"
EndProject
Project("{9A19103F-16F7-4668-BE54-9A1E7A4F7556}") = "Tyuiu.SurnameNPTests.Sprint1.Task1.V10.Lib", "Tyuiu.SurnameNPTests.Sprint1.Task1.V10.Lib\Tyuiu.SurnameNPTests.Sprint1.Task1.V10.Lib.csproj", "{9D80E279-FCBB-4AF0-8059-E8DDE8D3F385}"
EndProject
Project("{9A19103F-16F7-4668-BE54-9A1E7A4F7556}") = "Tyuiu.SurnameNPTests.Sprint1.Task2.V10.Lib", "Tyuiu.SurnameNPTests.Sprint1.Task2.V10.Lib\Tyuiu.SurnameNPTests.Sprint1.Task2.V10.Lib.csproj", "{CFCE6218-2C41-4B94-9DDE-E93DA8C1AD67}"
EndProject
Project("{9A19103F-16F7-4668-BE54-9A1E7A4F7556}") = "Tyuiu.SurnameNPTests.Sprint1.Task3.V10.Lib", "Tyuiu.SurnameNPTests.Sprint1.Task3.V10.Lib\Tyuiu.SurnameNPTests.Sprint1.Task3.V10.Lib.csproj", "{5B87F7A1-7132-4178-9715-09AE7E888A85}"
EndProject
Project("{9A19103F-16F7-4668-BE54-9A1E7A4F7556}") = "Tyuiu.SurnameNPTests.Sprint1.Task0.V10", "Tyuiu.SurnameNPTests.Sprint1.Task0.V10\Tyuiu.SurnameNPTests.Sprint1.Task0.V10.csproj", "{D93957B6-E657-4069-A417-C73D0AD725C4}"
EndProject
Project("{9A19103F-16F7-4668-BE54-9A1E7A4F7556}") = "Tyuiu.SurnameNPTests.Sprint1.Task1.V10", "Tyuiu.SurnameNPTests.Sprint1.Task1.V10\Tyuiu.SurnameNPTests.Sprint1.Task1.V10.csproj", "{1D06AC0A-EEB6-4411-9EF5-BA940F4321DD}"
EndProject
Project("{9A19103F-16F7-4668-BE54-9A1E7A4F7556}") = "Tyuiu.SurnameNPTests.Sprint1.Task2.V10", "Tyuiu.SurnameNPTests.Sprint1.Task2.V10\Tyuiu.SurnameNPTests.Sprint1.Task2.V10.csproj", "{7126FF88-F190-49BB-A287-C441BC996821}"
EndProject
Project("{9A19103F-16F7-4668-BE54-9A1E7A4F7556}") = "Tyuiu.SurnameNPTests.Sprint1.Task3.V10", "Tyuiu.SurnameNPTests.Sprint1.Task3.V10\Tyuiu.SurnameNPTests.Sprint1.Task3.V10.csproj", "{7B25999E-5054-419F-B033-8B099E4CE30D}"
EndProject
Project("{2150E333-8FDC-42A3-9474-1A3956D46DE8}") = "Task1", "Task1", "{D3B66FBC-DCC1-45C3-9625-7210D738CE5C}"
EndProject
Project("{2150E333-8FDC-42A3-9474-1A3956D46DE8}") = "Task2", "Task2", "{57E43245-21AF-4545-806E-F192A4115F3D}"
EndProject
Project("{2150E333-8FDC-42A3-9474-1A3956D46DE8}") = "Task3", "Task3", "{C25B37D4-1505-4DBE-9035-8EA7023384C0}"
EndProject
Project("{2150E333-8FDC-42A3-9474-1A3956D46DE8}") = "Task0", "Task0", "{84EFAC7C-DCB3-4572-9288-F217A5247245}"
EndProject
Project("{9A19103F-16F7-4668-BE54-9A1E7A4F7556}") = "Tyuiu.SurnameNPTests.Sprint1.Task0.V10.Test", "Tyuiu.SurnameNPTests.Sprint1.Task0.V10.Test\Tyuiu.SurnameNPTests.Sprint1.Task0.V10.Test.csproj", "{6F3D1BDE-4735-438C-AB48-16E276D5C955}"
EndProject
Project("{9A19103F-16F7-4668-BE54-9A1E7A4F7556}") = "Tyuiu.SurnameNPTests.Sprint1.Task1.V10.Test", "Tyuiu.SurnameNPTests.Sprint1.Task1.V10.Test\Tyuiu.SurnameNPTests.Sprint1.Task1.V10.Test.csproj", "{6C2B8D29-DB09-4955-95F6-B73973AE5B7A}"
EndProject
Project("{9A19103F-16F7-4668-BE54-9A1E7A4F7556}") = "Tyuiu.SurnameNPTests.Sprint1.Task2.V10.Test", "Tyuiu.SurnameNPTests.Sprint1.Task2.V10.Test\Tyuiu.SurnameNPTests.Sprint1.Task2.V10.Test.csproj", "{6389A1B4-0D33-4CA2-96D2-431F540F869A}"
EndProject
Project("{9A19103F-16F7-4668-BE54-9A1E7A4F7556}") = "Tyuiu.SurnameNPTests.Sprint1.Task3.V10.Test", "Tyuiu.SurnameNPTests.Sprint1.Task3.V10.Test\Tyuiu.SurnameNPTests.Sprint1.Task3.V10.Test.csproj", "{0D913D18-7026-4972-A2E2-E069C5223389}"
EndProject
Project("{2150E333-8FDC-42A3-9474-1A3956D46DE8}") = "Task4", "Task4", "{20B9C977-2531-42F8-B794-D86BA595EDBA}"
EndProject
Project("{9A19103F-16F7-4668-BE54-9A1E7A4F7556}") = "Tyuiu.SurnameNPTests.Sprint1.Task4.V10", "Tyuiu.SurnameNPTests.Sprint1.Task4.V10\Tyuiu.SurnameNPTests.Sprint1.Task4.V10.csproj", "{4D95F29C-32B0-4B0E-9709-9D8034CD94F9}"
EndProject
Project("{9A19103F-16F7-4668-BE54-9A1E7A4F7556}") = "Tyuiu.SurnameNPTests.Sprint1.Task4.V10.Lib", "Tyuiu.SurnameNPTests.Sprint1.Task4.V10.Lib\Tyuiu.SurnameNPTests.Sprint1.Task4.V10.Lib.csproj", "{75667973-ED79-45E2-9FFA-D01CA5DCEA90}"
EndProject
Project("{FAE04EC0-301F-11D3-BF4B-00C04F79EFBC}") = "Tyuiu.SurnameNPTests.Sprint1.Task4.V10.Test", "Tyuiu.SurnameNPTests.Sprint1.Task4.V10.Test\Tyuiu.SurnameNPTests.Sprint1.Task4.V10.Test.csproj", "{C5EFFFB3-0D4A-4124-A136-66488D283E73}"
EndProject
Global
	GlobalSection(SolutionConfigurationPlatforms) = preSolution
		Debug|Any CPU = Debug|Any CPU
		Release|Any CPU = Release|Any CPU
	EndGlobalSection
	GlobalSection(ProjectConfigurationPlatforms) = postSolution
		{BE41EFE3-9AB3-44A3-8744-EA83D46634B5}.Debug|Any CPU.ActiveCfg = Debug|Any CPU
		{BE41EFE3-9AB3-44A3-8744-EA83D46634B5}.Debug|Any CPU.Build.0 = Debug|Any CPU
		{BE41EFE3-9AB3-44A3-8744-EA83D46634B5}.Release|Any CPU.ActiveCfg = Release|Any CPU
		{BE41EFE3-9AB3-44A3-8744-EA83D46634B5}.Release|Any CPU.Build.0 = Release|Any CPU
		{9D80E279-FCBB-4AF0-8059-E8DDE8D3F385}.Debug|Any CPU.ActiveCfg = Debug|Any CPU
		{9D80E279-FCBB-4AF0-8059-E8DDE8D3F385}.Debug|Any CPU.Build.0 = Debug|Any CPU
		{9D80E279-FCBB-4AF0-8059-E8DDE8D3F385}.Release|Any CPU.ActiveCfg = Release|Any CPU
		{9D80E279-FCBB-4AF0-8059-E8DDE8D3F385}.Release|Any CPU.Build.0 = Release|Any CPU
		{CFCE6218-2C41-4B94-9DDE-E93DA8C1AD67}.Debug|Any CPU.ActiveCfg = Debug|Any CPU
		{CFCE6218-2C41-4B94-9DDE-E93DA8C1AD67}.Debug|Any CPU.Build.0 = Debug|Any CPU
		{CFCE6218-2C41-4B94-9DDE-E93DA8C1AD67}.Release|Any CPU.ActiveCfg = Release|Any CPU
		{CFCE6218-2C41-4B94-9DDE-E93DA8C1AD67}.Release|Any CPU.Build.0 = Release|Any CPU
		{5B87F7A1-7132-4178-9715-09AE7E888A85}.Debug|Any CPU.ActiveCfg = Debug|Any CPU
		{5B87F7A1-7132-4178-9715-09AE7E888A85}.Debug|Any CPU.Build.0 = Debug|Any CPU
		{5B87F7A1-7132-4178-9715-09AE7E888A85}.Release|Any CPU.ActiveCfg = Release|Any CPU
		{5B87F7A1-7132-4178-9715-09AE7E888A85}.Release|Any CPU.Build.0 = Release|Any CPU
		{D93957B6-E657-4069-A417-C73D0AD725C4}.Debug|Any CPU.ActiveCfg = Debug|Any CPU
		{D93957B6-E657-4069-A417-C73D0AD725C4}.Debug|Any CPU.Build.0 = Debug|Any CPU
		{D93957B6-E657-4069-A417-C73D0AD725C4}.Release|Any CPU.ActiveCfg = Release|Any CPU
		{D93957B6-E657-4069-A417-C73D0AD725C4}.Release|Any CPU.Build.0 = Release|Any CPU
		{1D06AC0A-EEB6-4411-9EF5-BA940F4321DD}.Debug|Any CPU.ActiveCfg = Debug|Any CPU
		{1D06AC0A-EEB6-4411-9EF5-BA940F4321DD}.Debug|Any CPU.Build.0 = Debug|Any CPU
		{1D06AC0A-EEB6-4411-9EF5-BA940F4321DD}.Release|Any CPU.ActiveCfg = Release|Any CPU
		{1D06AC0A-EEB6-4411-9EF5-BA940F4321DD}.Release|Any CPU.Build.0 = Release|Any CPU
		{7126FF88-F190-49BB-A287-C441BC996821}.Debug|Any CPU.ActiveCfg = Debug|Any CPU
		{7126FF88-F190-49BB-A287-C441BC996821}.Debug|Any CPU.Build.0 = Debug|Any CPU
		{7126FF88-F190-49BB-A287-C441BC996821}.Release|Any CPU.ActiveCfg = Release|Any CPU
		{7126FF88-F190-49BB-A287-C441BC996821}.Release|Any CPU.Build.0 = Release|Any CPU
		{7B25999E-5054-419F-B033-8B099E4CE30D}.Debug|Any CPU.ActiveCfg = Debug|Any CPU
		{7B25999E-5054-419F-B033-8B099E4CE30D}.Debug|Any CPU.Build.0 = Debug|Any CPU
		{7B25999E-5054-419F-B033-8B099E4CE30D}.Release|Any CPU.ActiveCfg = Release|Any CPU
		{7B25999E-5054-419F-B033-8B099E4CE30D}.Release|Any CPU.Build.0 = Release|Any CPU
		{6F3D1BDE-4735-438C-AB48-16E276D5C955}.Debug|Any CPU.ActiveCfg = Debug|Any CPU
		{6F3D1BDE-4735-438C-AB48-16E276D5C955}.Debug|Any CPU.Build.0 = Debug|Any CPU
		{6F3D1BDE-4735-438C-AB48-16E276D5C955}.Release|Any CPU.ActiveCfg = Release|Any CPU
		{6F3D1BDE-4735-438C-AB48-16E276D5C955}.Release|Any CPU.Build.0 = Release|Any CPU
		{6C2B8D29-DB09-4955-95F6-B73973AE5B7A}.Debug|Any CPU.ActiveCfg = Debug|Any CPU
		{6C2B8D29-DB09-4955-95F6-B73973AE5B7A}.Debug|Any CPU.Build.0 = Debug|Any CPU
		{6C2B8D29-DB09-4955-95F6-B73973AE5B7A}.Release|Any CPU.ActiveCfg = Release|Any CPU
		{6C2B8D29-DB09-4955-95F6-B73973AE5B7A}.Release|Any CPU.Build.0 = Release|Any CPU
		{6389A1B4-0D33-4CA2-96D2-431F540F869A}.Debug|Any CPU.ActiveCfg = Debug|Any CPU
		{6389A1B4-0D33-4CA2-96D2-431F540F869A}.Debug|Any CPU.Build.0 = Debug|Any CPU
		{6389A1B4-0D33-4CA2-96D2-431F540F869A}.Release|Any CPU.ActiveCfg = Release|Any CPU
		{6389A1B4-0D33-4CA2-96D2-431F540F869A}.Release|Any CPU.Build.0 = Release|Any CPU
		{0D913D18-7026-4972-A2E2-E069C5223389}.Debug|Any CPU.ActiveCfg = Debug|Any CPU
		{0D913D18-7026-4972-A2E2-E069C5223389}.Debug|Any CPU.Build.0 = Debug|Any CPU
		{0D913D18-7026-4972-A2E2-E069C5223389}.Release|Any CPU.ActiveCfg = Release|Any CPU
		{0D913D18-7026-4972-A2E2-E069C5223389}.Release|Any CPU.Build.0 = Release|Any CPU
		{4D95F29C-32B0-4B0E-9709-9D8034CD94F9}.Debug|Any CPU.ActiveCfg = Debug|Any CPU
		{4D95F29C-32B0-4B0E-9709-9D8034CD94F9}.Debug|Any CPU.Build.0 = Debug|Any CPU
		{4D95F29C-32B0-4B0E-9709-9D8034CD94F9}.Release|Any CPU.ActiveCfg = Release|Any CPU
		{4D95F29C-32B0-4B0E-9709-9D8034CD94F9}.Release|Any CPU.Build.0 = Release|Any CPU
		{75667973-ED79-45E2-9FFA-D01CA5DCEA90}.Debug|Any CPU.ActiveCfg = Debug|Any CPU
		{75667973-ED79-45E2-9FFA-D01CA5DCEA90}.Debug|Any CPU.Build.0 = Debug|Any CPU
		{75667973-ED79-45E2-9FFA-D01CA5DCEA90}.Release|Any CPU.ActiveCfg = Release|Any CPU
		{75667973-ED79-45E2-9FFA-D01CA5DCEA90}.Release|Any CPU.Build.0 = Release|Any CPU
		{C5EFFFB3-0D4A-4124-A136-66488D283E73}.Debug|Any CPU.ActiveCfg = Debug|Any CPU
		{C5EFFFB3-0D4A-4124-A136-66488D283E73}.Debug|Any CPU.Build.0 = Debug|Any CPU
		{C5EFFFB3-0D4A-4124-A136-66488D283E73}.Release|Any CPU.ActiveCfg = Release|Any CPU
		{C5EFFFB3-0D4A-4124-A136-66488D283E73}.Release|Any CPU.Build.0 = Release|Any CPU
	EndGlobalSection
	GlobalSection(SolutionProperties) = preSolution
		HideSolutionNode = FALSE
	EndGlobalSection
	GlobalSection(NestedProjects) = preSolution
		{BE41EFE3-9AB3-44A3-8744-EA83D46634B5} = {84EFAC7C-DCB3-4572-9288-F217A5247245}
		{9D80E279-FCBB-4AF0-8059-E8DDE8D3F385} = {D3B66FBC-DCC1-45C3-9625-7210D738CE5C}
		{CFCE6218-2C41-4B94-9DDE-E93DA8C1AD67} = {57E43245-21AF-4545-806E-F192A4115F3D}
		{5B87F7A1-7132-4178-9715-09AE7E888A85} = {C25B37D4-1505-4DBE-9035-8EA7023384C0}
		{D93957B6-E657-4069-A417-C73D0AD725C4} = {84EFAC7C-DCB3-4572-9288-F217A5247245}
		{1D06AC0A-EEB6-4411-9EF5-BA940F4321DD} = {D3B66FBC-DCC1-45C3-9625-7210D738CE5C}
		{7126FF88-F190-49BB-A287-C441BC996821} = {57E43245-21AF-4545-806E-F192A4115F3D}
		{7B25999E-5054-419F-B033-8B099E4CE30D} = {C25B37D4-1505-4DBE-9035-8EA7023384C0}
		{6F3D1BDE-4735-438C-AB48-16E276D5C955} = {84EFAC7C-DCB3-4572-9288-F217A5247245}
		{6C2B8D29-DB09-4955-95F6-B73973AE5B7A} = {D3B66FBC-DCC1-45C3-9625-7210D738CE5C}
		{6389A1B4-0D33-4CA2-96D2-431F540F869A} = {57E43245-21AF-4545-806E-F192A4115F3D}
		{0D913D18-7026-4972-A2E2-E069C5223389} = {C25B37D4-1505-4DBE-9035-8EA7023384C0}
		{4D95F29C-32B0-4B0E-9709-9D8034CD94F9} = {20B9C977-2531-42F8-B794-D86BA595EDBA}
		{75667973-ED79-45E2-9FFA-D01CA5DCEA90} = {20B9C977-2531-42F8-B794-D86BA595EDBA}
		{C5EFFFB3-0D4A-4124-A136-66488D283E73} = {20B9C977-2531-42F8-B794-D86BA595EDBA}
	EndGlobalSection
	GlobalSection(ExtensibilityGlobals) = postSolution
		SolutionGuid = {D6AC3CFC-95BD-4949-90D3-3A32FEC440A0}
	EndGlobalSection
EndGlobal
