
Microsoft Visual Studio Solution File, Format Version 12.00
# Visual Studio Version 17
VisualStudioVersion = 17.11.35312.102
MinimumVisualStudioVersion = 10.0.40219.1
Project("{9A19103F-16F7-4668-BE54-9A1E7A4F7556}") = "Tyuiu.SurnameNPTests.Sprint1.Task0.V10.Lib", "Tyuiu.SurnameNPTests.Sprint1.Task0.V10.Lib\Tyuiu.SurnameNPTests.Sprint1.Task0.V10.Lib.csproj", "{BE41EFE3-9AB3-44A3-8744-EA83D46634B5}"
EndProject
Project("{FAE04EC0-301F-11D3-BF4B-00C04F79EFBC}") = "Tyuiu.SurnameNPTests.Sprint1.Task1.V10.Lib", "Tyuiu.SurnameNPTests.Sprint1.Task1.V10.Lib\Tyuiu.SurnameNPTests.Sprint1.Task1.V10.Lib.csproj", "{9D80E279-FCBB-4AF0-8059-E8DDE8D3F385}"
EndProject
Project("{FAE04EC0-301F-11D3-BF4B-00C04F79EFBC}") = "Tyuiu.SurnameNPTests.Sprint1.Task2.V10.Lib", "Tyuiu.SurnameNPTests.Sprint1.Task2.V10.Lib\Tyuiu.SurnameNPTests.Sprint1.Task2.V10.Lib.csproj", "{CFCE6218-2C41-4B94-9DDE-E93DA8C1AD67}"
EndProject
Project("{FAE04EC0-301F-11D3-BF4B-00C04F79EFBC}") = "Tyuiu.SurnameNPTests.Sprint1.Task3.V10.Lib", "Tyuiu.SurnameNPTests.Sprint1.Task3.V10.Lib\Tyuiu.SurnameNPTests.Sprint1.Task3.V10.Lib.csproj", "{5B87F7A1-7132-4178-9715-09AE7E888A85}"
EndProject
Global
	GlobalSection(SolutionConfigurationPlatforms) = preSolution
		Debug|Any CPU = Debug|Any CPU
		Release|Any CPU = Release|Any CPU
	EndGlobalSection
	GlobalSection(ProjectConfigurationPlatforms) = postSolution
		{BE41EFE3-9AB3-44A3-8744-EA83D46634B5}.Debug|Any CPU.ActiveCfg = Debug|Any CPU
		{BE41EFE3-9AB3-44A3-8744-EA83D46634B5}.Debug|Any CPU.Build.0 = Debug|Any CPU
		{BE41EFE3-9AB3-44A3-8744-EA83D46634B5}.Release|Any CPU.ActiveCfg = Release|Any CPU
		{BE41EFE3-9AB3-44A3-8744-EA83D46634B5}.Release|Any CPU.Build.0 = Release|Any CPU
		{9D80E279-FCBB-4AF0-8059-E8DDE8D3F385}.Debug|Any CPU.ActiveCfg = Debug|Any CPU
		{9D80E279-FCBB-4AF0-8059-E8DDE8D3F385}.Debug|Any CPU.Build.0 = Debug|Any CPU
		{9D80E279-FCBB-4AF0-8059-E8DDE8D3F385}.Release|Any CPU.ActiveCfg = Release|Any CPU
		{9D80E279-FCBB-4AF0-8059-E8DDE8D3F385}.Release|Any CPU.Build.0 = Release|Any CPU
		{CFCE6218-2C41-4B94-9DDE-E93DA8C1AD67}.Debug|Any CPU.ActiveCfg = Debug|Any CPU
		{CFCE6218-2C41-4B94-9DDE-E93DA8C1AD67}.Debug|Any CPU.Build.0 = Debug|Any CPU
		{CFCE6218-2C41-4B94-9DDE-E93DA8C1AD67}.Release|Any CPU.ActiveCfg = Release|Any CPU
		{CFCE6218-2C41-4B94-9DDE-E93DA8C1AD67}.Release|Any CPU.Build.0 = Release|Any CPU
		{5B87F7A1-7132-4178-9715-09AE7E888A85}.Debug|Any CPU.ActiveCfg = Debug|Any CPU
		{5B87F7A1-7132-4178-9715-09AE7E888A85}.Debug|Any CPU.Build.0 = Debug|Any CPU
		{5B87F7A1-7132-4178-9715-09AE7E888A85}.Release|Any CPU.ActiveCfg = Release|Any CPU
		{5B87F7A1-7132-4178-9715-09AE7E888A85}.Release|Any CPU.Build.0 = Release|Any CPU
	EndGlobalSection
	GlobalSection(SolutionProperties) = preSolution
		HideSolutionNode = FALSE
	EndGlobalSection
	GlobalSection(ExtensibilityGlobals) = postSolution
		SolutionGuid = {D6AC3CFC-95BD-4949-90D3-3A32FEC440A0}
	EndGlobalSection
EndGlobal
